
Microsoft Visual Studio Solution File, Format Version 12.00
# Visual Studio 15
VisualStudioVersion = 15.0.27703.2000
MinimumVisualStudioVersion = 10.0.40219.1
Project("{FAE04EC0-301F-11D3-BF4B-00C04F79EFBC}") = "FastShopping.Android", "FastShopping\FastShopping.Android\FastShopping.Android.csproj", "{643CC8D3-A418-4295-BBD8-121E92427BCF}"
EndProject
Project("{FAE04EC0-301F-11D3-BF4B-00C04F79EFBC}") = "FastShopping.iOS", "FastShopping\FastShopping.iOS\FastShopping.iOS.csproj", "{40DCBC3D-6552-4D52-ABAD-4B01DF8AEF73}"
EndProject
Project("{9A19103F-16F7-4668-BE54-9A1E7A4F7556}") = "FastShopping", "FastShopping\FastShopping\FastShopping.csproj", "{47457DD3-57E6-4633-B313-CBFEFE1EBB40}"
EndProject
Project("{9A19103F-16F7-4668-BE54-9A1E7A4F7556}") = "Domain.Base", "Domain.Base\Domain.Base.csproj", "{3BDD2A5E-FEF8-42B4-A85F-6C75A67D6B33}"
EndProject
Project("{9A19103F-16F7-4668-BE54-9A1E7A4F7556}") = "Domain.Common.Base", "Domain.Common.Base\Domain.Common.Base.csproj", "{AE687BC8-9D79-4875-AFE2-D0C556B24E8C}"
EndProject
Project("{9A19103F-16F7-4668-BE54-9A1E7A4F7556}") = "Domain.Common", "Domain.Common\Domain.Common.csproj", "{E68BE2F9-D126-4F7D-A6CB-9F0A42ED6FB1}"
EndProject
Project("{FAE04EC0-301F-11D3-BF4B-00C04F79EFBC}") = "Domain.Common.Test", "Domain.Common.Test\Domain.Common.Test.csproj", "{F6363B2D-80D4-422E-80B5-94C5D0BF54D9}"
EndProject
Project("{9A19103F-16F7-4668-BE54-9A1E7A4F7556}") = "Application", "Application\Application.csproj", "{639DEDCB-514D-4A53-8C15-5DDAFCD16F55}"
EndProject
Project("{9A19103F-16F7-4668-BE54-9A1E7A4F7556}") = "Domain.ProductCatalog.Base", "Domain.ProductCatalog.Base\Domain.ProductCatalog.Base.csproj", "{1F47E0A3-A7EC-4733-80A2-D93927C6C91F}"
EndProject
Project("{9A19103F-16F7-4668-BE54-9A1E7A4F7556}") = "Domain.ProductCatalog", "Domain.ProductCatalog\Domain.ProductCatalog.csproj", "{6BE13283-7A85-489B-8A81-8C7C2EB8A8E1}"
EndProject
Project("{9A19103F-16F7-4668-BE54-9A1E7A4F7556}") = "Domain.ShoppingCart.Base", "Domain.ShoppingCart.Base\Domain.ShoppingCart.Base.csproj", "{DCC6F032-5BBA-46AB-BF30-5B05DCF5D6E8}"
EndProject
Project("{9A19103F-16F7-4668-BE54-9A1E7A4F7556}") = "Domain.ShoppingCart", "Domain.ShoppingCart\Domain.ShoppingCart.csproj", "{6B53977D-EC99-4EB4-9FF2-14834668B919}"
EndProject
Project("{FAE04EC0-301F-11D3-BF4B-00C04F79EFBC}") = "Infrastructure.iOS", "Infrastructure.iOS\Infrastructure.iOS.csproj", "{E71F3053-056C-4381-9638-048ED73BDFF6}"
EndProject
Project("{FAE04EC0-301F-11D3-BF4B-00C04F79EFBC}") = "Infrastructure.Android", "Infrastructure.Android\Infrastructure.Android.csproj", "{991C0F9B-4D32-48BB-8E14-1E69017C609F}"
EndProject
Project("{2150E333-8FDC-42A3-9474-1A3956D46DE8}") = "Modules", "Modules", "{77EF1F64-757E-44F8-8308-D4F7345C001B}"
EndProject
Project("{2150E333-8FDC-42A3-9474-1A3956D46DE8}") = "Common", "Common", "{294CC560-A093-425E-8F36-6F4000E9F510}"
EndProject
Project("{2150E333-8FDC-42A3-9474-1A3956D46DE8}") = "ShoppingCart", "ShoppingCart", "{290C5726-665A-475C-8271-D1748384C30C}"
EndProject
Project("{2150E333-8FDC-42A3-9474-1A3956D46DE8}") = "ProductCatalog", "ProductCatalog", "{5CABF949-46A8-46B4-B80A-527B476ECF13}"
EndProject
Project("{2150E333-8FDC-42A3-9474-1A3956D46DE8}") = "Test", "Test", "{1C4A8495-AD8F-4D3E-B5AF-D625C25FA935}"
EndProject
Project("{2150E333-8FDC-42A3-9474-1A3956D46DE8}") = "Domain", "Domain", "{31770783-42DE-4EC5-B217-6991958F5205}"
EndProject
Project("{2150E333-8FDC-42A3-9474-1A3956D46DE8}") = "Application", "Application", "{91A1A9B3-4EF0-47FD-85A7-AC49D73E8B5A}"
EndProject
Project("{2150E333-8FDC-42A3-9474-1A3956D46DE8}") = "Infrastructure", "Infrastructure", "{1D754C81-88A8-4959-A49E-6A6E69BE44AE}"
EndProject
Project("{FAE04EC0-301F-11D3-BF4B-00C04F79EFBC}") = "Infrastructure.Base", "Infrastructure.Base\Infrastructure.Base.csproj", "{9C39BF91-FFB9-4958-8622-4F51A197BF39}"
EndProject
Global
	GlobalSection(SolutionConfigurationPlatforms) = preSolution
		Ad-Hoc|Any CPU = Ad-Hoc|Any CPU
		Ad-Hoc|iPhone = Ad-Hoc|iPhone
		Ad-Hoc|iPhoneSimulator = Ad-Hoc|iPhoneSimulator
		AppStore|Any CPU = AppStore|Any CPU
		AppStore|iPhone = AppStore|iPhone
		AppStore|iPhoneSimulator = AppStore|iPhoneSimulator
		Debug|Any CPU = Debug|Any CPU
		Debug|iPhone = Debug|iPhone
		Debug|iPhoneSimulator = Debug|iPhoneSimulator
		Release|Any CPU = Release|Any CPU
		Release|iPhone = Release|iPhone
		Release|iPhoneSimulator = Release|iPhoneSimulator
	EndGlobalSection
	GlobalSection(ProjectConfigurationPlatforms) = postSolution
		{643CC8D3-A418-4295-BBD8-121E92427BCF}.Ad-Hoc|Any CPU.ActiveCfg = Release|Any CPU
		{643CC8D3-A418-4295-BBD8-121E92427BCF}.Ad-Hoc|Any CPU.Build.0 = Release|Any CPU
		{643CC8D3-A418-4295-BBD8-121E92427BCF}.Ad-Hoc|Any CPU.Deploy.0 = Release|Any CPU
		{643CC8D3-A418-4295-BBD8-121E92427BCF}.Ad-Hoc|iPhone.ActiveCfg = Release|Any CPU
		{643CC8D3-A418-4295-BBD8-121E92427BCF}.Ad-Hoc|iPhone.Build.0 = Release|Any CPU
		{643CC8D3-A418-4295-BBD8-121E92427BCF}.Ad-Hoc|iPhone.Deploy.0 = Release|Any CPU
		{643CC8D3-A418-4295-BBD8-121E92427BCF}.Ad-Hoc|iPhoneSimulator.ActiveCfg = Release|Any CPU
		{643CC8D3-A418-4295-BBD8-121E92427BCF}.Ad-Hoc|iPhoneSimulator.Build.0 = Release|Any CPU
		{643CC8D3-A418-4295-BBD8-121E92427BCF}.Ad-Hoc|iPhoneSimulator.Deploy.0 = Release|Any CPU
		{643CC8D3-A418-4295-BBD8-121E92427BCF}.AppStore|Any CPU.ActiveCfg = Release|Any CPU
		{643CC8D3-A418-4295-BBD8-121E92427BCF}.AppStore|Any CPU.Build.0 = Release|Any CPU
		{643CC8D3-A418-4295-BBD8-121E92427BCF}.AppStore|Any CPU.Deploy.0 = Release|Any CPU
		{643CC8D3-A418-4295-BBD8-121E92427BCF}.AppStore|iPhone.ActiveCfg = Release|Any CPU
		{643CC8D3-A418-4295-BBD8-121E92427BCF}.AppStore|iPhone.Build.0 = Release|Any CPU
		{643CC8D3-A418-4295-BBD8-121E92427BCF}.AppStore|iPhone.Deploy.0 = Release|Any CPU
		{643CC8D3-A418-4295-BBD8-121E92427BCF}.AppStore|iPhoneSimulator.ActiveCfg = Release|Any CPU
		{643CC8D3-A418-4295-BBD8-121E92427BCF}.AppStore|iPhoneSimulator.Build.0 = Release|Any CPU
		{643CC8D3-A418-4295-BBD8-121E92427BCF}.AppStore|iPhoneSimulator.Deploy.0 = Release|Any CPU
		{643CC8D3-A418-4295-BBD8-121E92427BCF}.Debug|Any CPU.ActiveCfg = Debug|Any CPU
		{643CC8D3-A418-4295-BBD8-121E92427BCF}.Debug|Any CPU.Build.0 = Debug|Any CPU
		{643CC8D3-A418-4295-BBD8-121E92427BCF}.Debug|Any CPU.Deploy.0 = Debug|Any CPU
		{643CC8D3-A418-4295-BBD8-121E92427BCF}.Debug|iPhone.ActiveCfg = Debug|Any CPU
		{643CC8D3-A418-4295-BBD8-121E92427BCF}.Debug|iPhone.Build.0 = Debug|Any CPU
		{643CC8D3-A418-4295-BBD8-121E92427BCF}.Debug|iPhone.Deploy.0 = Debug|Any CPU
		{643CC8D3-A418-4295-BBD8-121E92427BCF}.Debug|iPhoneSimulator.ActiveCfg = Debug|Any CPU
		{643CC8D3-A418-4295-BBD8-121E92427BCF}.Debug|iPhoneSimulator.Build.0 = Debug|Any CPU
		{643CC8D3-A418-4295-BBD8-121E92427BCF}.Debug|iPhoneSimulator.Deploy.0 = Debug|Any CPU
		{643CC8D3-A418-4295-BBD8-121E92427BCF}.Release|Any CPU.ActiveCfg = Release|Any CPU
		{643CC8D3-A418-4295-BBD8-121E92427BCF}.Release|Any CPU.Build.0 = Release|Any CPU
		{643CC8D3-A418-4295-BBD8-121E92427BCF}.Release|Any CPU.Deploy.0 = Release|Any CPU
		{643CC8D3-A418-4295-BBD8-121E92427BCF}.Release|iPhone.ActiveCfg = Release|Any CPU
		{643CC8D3-A418-4295-BBD8-121E92427BCF}.Release|iPhone.Build.0 = Release|Any CPU
		{643CC8D3-A418-4295-BBD8-121E92427BCF}.Release|iPhone.Deploy.0 = Release|Any CPU
		{643CC8D3-A418-4295-BBD8-121E92427BCF}.Release|iPhoneSimulator.ActiveCfg = Release|Any CPU
		{643CC8D3-A418-4295-BBD8-121E92427BCF}.Release|iPhoneSimulator.Build.0 = Release|Any CPU
		{643CC8D3-A418-4295-BBD8-121E92427BCF}.Release|iPhoneSimulator.Deploy.0 = Release|Any CPU
		{40DCBC3D-6552-4D52-ABAD-4B01DF8AEF73}.Ad-Hoc|Any CPU.ActiveCfg = Ad-Hoc|iPhone
		{40DCBC3D-6552-4D52-ABAD-4B01DF8AEF73}.Ad-Hoc|iPhone.ActiveCfg = Ad-Hoc|iPhone
		{40DCBC3D-6552-4D52-ABAD-4B01DF8AEF73}.Ad-Hoc|iPhone.Build.0 = Ad-Hoc|iPhone
		{40DCBC3D-6552-4D52-ABAD-4B01DF8AEF73}.Ad-Hoc|iPhoneSimulator.ActiveCfg = Ad-Hoc|iPhoneSimulator
		{40DCBC3D-6552-4D52-ABAD-4B01DF8AEF73}.Ad-Hoc|iPhoneSimulator.Build.0 = Ad-Hoc|iPhoneSimulator
		{40DCBC3D-6552-4D52-ABAD-4B01DF8AEF73}.AppStore|Any CPU.ActiveCfg = AppStore|iPhone
		{40DCBC3D-6552-4D52-ABAD-4B01DF8AEF73}.AppStore|iPhone.ActiveCfg = AppStore|iPhone
		{40DCBC3D-6552-4D52-ABAD-4B01DF8AEF73}.AppStore|iPhone.Build.0 = AppStore|iPhone
		{40DCBC3D-6552-4D52-ABAD-4B01DF8AEF73}.AppStore|iPhoneSimulator.ActiveCfg = AppStore|iPhoneSimulator
		{40DCBC3D-6552-4D52-ABAD-4B01DF8AEF73}.AppStore|iPhoneSimulator.Build.0 = AppStore|iPhoneSimulator
		{40DCBC3D-6552-4D52-ABAD-4B01DF8AEF73}.Debug|Any CPU.ActiveCfg = Debug|iPhone
		{40DCBC3D-6552-4D52-ABAD-4B01DF8AEF73}.Debug|iPhone.ActiveCfg = Debug|iPhone
		{40DCBC3D-6552-4D52-ABAD-4B01DF8AEF73}.Debug|iPhone.Build.0 = Debug|iPhone
		{40DCBC3D-6552-4D52-ABAD-4B01DF8AEF73}.Debug|iPhoneSimulator.ActiveCfg = Debug|iPhoneSimulator
		{40DCBC3D-6552-4D52-ABAD-4B01DF8AEF73}.Debug|iPhoneSimulator.Build.0 = Debug|iPhoneSimulator
		{40DCBC3D-6552-4D52-ABAD-4B01DF8AEF73}.Release|Any CPU.ActiveCfg = Release|iPhone
		{40DCBC3D-6552-4D52-ABAD-4B01DF8AEF73}.Release|iPhone.ActiveCfg = Release|iPhone
		{40DCBC3D-6552-4D52-ABAD-4B01DF8AEF73}.Release|iPhone.Build.0 = Release|iPhone
		{40DCBC3D-6552-4D52-ABAD-4B01DF8AEF73}.Release|iPhoneSimulator.ActiveCfg = Release|iPhoneSimulator
		{40DCBC3D-6552-4D52-ABAD-4B01DF8AEF73}.Release|iPhoneSimulator.Build.0 = Release|iPhoneSimulator
		{47457DD3-57E6-4633-B313-CBFEFE1EBB40}.Ad-Hoc|Any CPU.ActiveCfg = Debug|Any CPU
		{47457DD3-57E6-4633-B313-CBFEFE1EBB40}.Ad-Hoc|Any CPU.Build.0 = Debug|Any CPU
		{47457DD3-57E6-4633-B313-CBFEFE1EBB40}.Ad-Hoc|iPhone.ActiveCfg = Debug|Any CPU
		{47457DD3-57E6-4633-B313-CBFEFE1EBB40}.Ad-Hoc|iPhone.Build.0 = Debug|Any CPU
		{47457DD3-57E6-4633-B313-CBFEFE1EBB40}.Ad-Hoc|iPhoneSimulator.ActiveCfg = Debug|Any CPU
		{47457DD3-57E6-4633-B313-CBFEFE1EBB40}.Ad-Hoc|iPhoneSimulator.Build.0 = Debug|Any CPU
		{47457DD3-57E6-4633-B313-CBFEFE1EBB40}.AppStore|Any CPU.ActiveCfg = Debug|Any CPU
		{47457DD3-57E6-4633-B313-CBFEFE1EBB40}.AppStore|Any CPU.Build.0 = Debug|Any CPU
		{47457DD3-57E6-4633-B313-CBFEFE1EBB40}.AppStore|iPhone.ActiveCfg = Debug|Any CPU
		{47457DD3-57E6-4633-B313-CBFEFE1EBB40}.AppStore|iPhone.Build.0 = Debug|Any CPU
		{47457DD3-57E6-4633-B313-CBFEFE1EBB40}.AppStore|iPhoneSimulator.ActiveCfg = Debug|Any CPU
		{47457DD3-57E6-4633-B313-CBFEFE1EBB40}.AppStore|iPhoneSimulator.Build.0 = Debug|Any CPU
		{47457DD3-57E6-4633-B313-CBFEFE1EBB40}.Debug|Any CPU.ActiveCfg = Debug|Any CPU
		{47457DD3-57E6-4633-B313-CBFEFE1EBB40}.Debug|Any CPU.Build.0 = Debug|Any CPU
		{47457DD3-57E6-4633-B313-CBFEFE1EBB40}.Debug|iPhone.ActiveCfg = Debug|Any CPU
		{47457DD3-57E6-4633-B313-CBFEFE1EBB40}.Debug|iPhone.Build.0 = Debug|Any CPU
		{47457DD3-57E6-4633-B313-CBFEFE1EBB40}.Debug|iPhoneSimulator.ActiveCfg = Debug|Any CPU
		{47457DD3-57E6-4633-B313-CBFEFE1EBB40}.Debug|iPhoneSimulator.Build.0 = Debug|Any CPU
		{47457DD3-57E6-4633-B313-CBFEFE1EBB40}.Release|Any CPU.ActiveCfg = Release|Any CPU
		{47457DD3-57E6-4633-B313-CBFEFE1EBB40}.Release|Any CPU.Build.0 = Release|Any CPU
		{47457DD3-57E6-4633-B313-CBFEFE1EBB40}.Release|iPhone.ActiveCfg = Release|Any CPU
		{47457DD3-57E6-4633-B313-CBFEFE1EBB40}.Release|iPhone.Build.0 = Release|Any CPU
		{47457DD3-57E6-4633-B313-CBFEFE1EBB40}.Release|iPhoneSimulator.ActiveCfg = Release|Any CPU
		{47457DD3-57E6-4633-B313-CBFEFE1EBB40}.Release|iPhoneSimulator.Build.0 = Release|Any CPU
		{3BDD2A5E-FEF8-42B4-A85F-6C75A67D6B33}.Ad-Hoc|Any CPU.ActiveCfg = Debug|Any CPU
		{3BDD2A5E-FEF8-42B4-A85F-6C75A67D6B33}.Ad-Hoc|Any CPU.Build.0 = Debug|Any CPU
		{3BDD2A5E-FEF8-42B4-A85F-6C75A67D6B33}.Ad-Hoc|iPhone.ActiveCfg = Debug|Any CPU
		{3BDD2A5E-FEF8-42B4-A85F-6C75A67D6B33}.Ad-Hoc|iPhone.Build.0 = Debug|Any CPU
		{3BDD2A5E-FEF8-42B4-A85F-6C75A67D6B33}.Ad-Hoc|iPhoneSimulator.ActiveCfg = Debug|Any CPU
		{3BDD2A5E-FEF8-42B4-A85F-6C75A67D6B33}.Ad-Hoc|iPhoneSimulator.Build.0 = Debug|Any CPU
		{3BDD2A5E-FEF8-42B4-A85F-6C75A67D6B33}.AppStore|Any CPU.ActiveCfg = Debug|Any CPU
		{3BDD2A5E-FEF8-42B4-A85F-6C75A67D6B33}.AppStore|Any CPU.Build.0 = Debug|Any CPU
		{3BDD2A5E-FEF8-42B4-A85F-6C75A67D6B33}.AppStore|iPhone.ActiveCfg = Debug|Any CPU
		{3BDD2A5E-FEF8-42B4-A85F-6C75A67D6B33}.AppStore|iPhone.Build.0 = Debug|Any CPU
		{3BDD2A5E-FEF8-42B4-A85F-6C75A67D6B33}.AppStore|iPhoneSimulator.ActiveCfg = Debug|Any CPU
		{3BDD2A5E-FEF8-42B4-A85F-6C75A67D6B33}.AppStore|iPhoneSimulator.Build.0 = Debug|Any CPU
		{3BDD2A5E-FEF8-42B4-A85F-6C75A67D6B33}.Debug|Any CPU.ActiveCfg = Debug|Any CPU
		{3BDD2A5E-FEF8-42B4-A85F-6C75A67D6B33}.Debug|Any CPU.Build.0 = Debug|Any CPU
		{3BDD2A5E-FEF8-42B4-A85F-6C75A67D6B33}.Debug|iPhone.ActiveCfg = Debug|Any CPU
		{3BDD2A5E-FEF8-42B4-A85F-6C75A67D6B33}.Debug|iPhone.Build.0 = Debug|Any CPU
		{3BDD2A5E-FEF8-42B4-A85F-6C75A67D6B33}.Debug|iPhoneSimulator.ActiveCfg = Debug|Any CPU
		{3BDD2A5E-FEF8-42B4-A85F-6C75A67D6B33}.Debug|iPhoneSimulator.Build.0 = Debug|Any CPU
		{3BDD2A5E-FEF8-42B4-A85F-6C75A67D6B33}.Release|Any CPU.ActiveCfg = Release|Any CPU
		{3BDD2A5E-FEF8-42B4-A85F-6C75A67D6B33}.Release|Any CPU.Build.0 = Release|Any CPU
		{3BDD2A5E-FEF8-42B4-A85F-6C75A67D6B33}.Release|iPhone.ActiveCfg = Release|Any CPU
		{3BDD2A5E-FEF8-42B4-A85F-6C75A67D6B33}.Release|iPhone.Build.0 = Release|Any CPU
		{3BDD2A5E-FEF8-42B4-A85F-6C75A67D6B33}.Release|iPhoneSimulator.ActiveCfg = Release|Any CPU
		{3BDD2A5E-FEF8-42B4-A85F-6C75A67D6B33}.Release|iPhoneSimulator.Build.0 = Release|Any CPU
		{AE687BC8-9D79-4875-AFE2-D0C556B24E8C}.Ad-Hoc|Any CPU.ActiveCfg = Debug|Any CPU
		{AE687BC8-9D79-4875-AFE2-D0C556B24E8C}.Ad-Hoc|Any CPU.Build.0 = Debug|Any CPU
		{AE687BC8-9D79-4875-AFE2-D0C556B24E8C}.Ad-Hoc|iPhone.ActiveCfg = Debug|Any CPU
		{AE687BC8-9D79-4875-AFE2-D0C556B24E8C}.Ad-Hoc|iPhone.Build.0 = Debug|Any CPU
		{AE687BC8-9D79-4875-AFE2-D0C556B24E8C}.Ad-Hoc|iPhoneSimulator.ActiveCfg = Debug|Any CPU
		{AE687BC8-9D79-4875-AFE2-D0C556B24E8C}.Ad-Hoc|iPhoneSimulator.Build.0 = Debug|Any CPU
		{AE687BC8-9D79-4875-AFE2-D0C556B24E8C}.AppStore|Any CPU.ActiveCfg = Debug|Any CPU
		{AE687BC8-9D79-4875-AFE2-D0C556B24E8C}.AppStore|Any CPU.Build.0 = Debug|Any CPU
		{AE687BC8-9D79-4875-AFE2-D0C556B24E8C}.AppStore|iPhone.ActiveCfg = Debug|Any CPU
		{AE687BC8-9D79-4875-AFE2-D0C556B24E8C}.AppStore|iPhone.Build.0 = Debug|Any CPU
		{AE687BC8-9D79-4875-AFE2-D0C556B24E8C}.AppStore|iPhoneSimulator.ActiveCfg = Debug|Any CPU
		{AE687BC8-9D79-4875-AFE2-D0C556B24E8C}.AppStore|iPhoneSimulator.Build.0 = Debug|Any CPU
		{AE687BC8-9D79-4875-AFE2-D0C556B24E8C}.Debug|Any CPU.ActiveCfg = Debug|Any CPU
		{AE687BC8-9D79-4875-AFE2-D0C556B24E8C}.Debug|Any CPU.Build.0 = Debug|Any CPU
		{AE687BC8-9D79-4875-AFE2-D0C556B24E8C}.Debug|iPhone.ActiveCfg = Debug|Any CPU
		{AE687BC8-9D79-4875-AFE2-D0C556B24E8C}.Debug|iPhone.Build.0 = Debug|Any CPU
		{AE687BC8-9D79-4875-AFE2-D0C556B24E8C}.Debug|iPhoneSimulator.ActiveCfg = Debug|Any CPU
		{AE687BC8-9D79-4875-AFE2-D0C556B24E8C}.Debug|iPhoneSimulator.Build.0 = Debug|Any CPU
		{AE687BC8-9D79-4875-AFE2-D0C556B24E8C}.Release|Any CPU.ActiveCfg = Release|Any CPU
		{AE687BC8-9D79-4875-AFE2-D0C556B24E8C}.Release|Any CPU.Build.0 = Release|Any CPU
		{AE687BC8-9D79-4875-AFE2-D0C556B24E8C}.Release|iPhone.ActiveCfg = Release|Any CPU
		{AE687BC8-9D79-4875-AFE2-D0C556B24E8C}.Release|iPhone.Build.0 = Release|Any CPU
		{AE687BC8-9D79-4875-AFE2-D0C556B24E8C}.Release|iPhoneSimulator.ActiveCfg = Release|Any CPU
		{AE687BC8-9D79-4875-AFE2-D0C556B24E8C}.Release|iPhoneSimulator.Build.0 = Release|Any CPU
		{E68BE2F9-D126-4F7D-A6CB-9F0A42ED6FB1}.Ad-Hoc|Any CPU.ActiveCfg = Debug|Any CPU
		{E68BE2F9-D126-4F7D-A6CB-9F0A42ED6FB1}.Ad-Hoc|Any CPU.Build.0 = Debug|Any CPU
		{E68BE2F9-D126-4F7D-A6CB-9F0A42ED6FB1}.Ad-Hoc|iPhone.ActiveCfg = Debug|Any CPU
		{E68BE2F9-D126-4F7D-A6CB-9F0A42ED6FB1}.Ad-Hoc|iPhone.Build.0 = Debug|Any CPU
		{E68BE2F9-D126-4F7D-A6CB-9F0A42ED6FB1}.Ad-Hoc|iPhoneSimulator.ActiveCfg = Debug|Any CPU
		{E68BE2F9-D126-4F7D-A6CB-9F0A42ED6FB1}.Ad-Hoc|iPhoneSimulator.Build.0 = Debug|Any CPU
		{E68BE2F9-D126-4F7D-A6CB-9F0A42ED6FB1}.AppStore|Any CPU.ActiveCfg = Debug|Any CPU
		{E68BE2F9-D126-4F7D-A6CB-9F0A42ED6FB1}.AppStore|Any CPU.Build.0 = Debug|Any CPU
		{E68BE2F9-D126-4F7D-A6CB-9F0A42ED6FB1}.AppStore|iPhone.ActiveCfg = Debug|Any CPU
		{E68BE2F9-D126-4F7D-A6CB-9F0A42ED6FB1}.AppStore|iPhone.Build.0 = Debug|Any CPU
		{E68BE2F9-D126-4F7D-A6CB-9F0A42ED6FB1}.AppStore|iPhoneSimulator.ActiveCfg = Debug|Any CPU
		{E68BE2F9-D126-4F7D-A6CB-9F0A42ED6FB1}.AppStore|iPhoneSimulator.Build.0 = Debug|Any CPU
		{E68BE2F9-D126-4F7D-A6CB-9F0A42ED6FB1}.Debug|Any CPU.ActiveCfg = Debug|Any CPU
		{E68BE2F9-D126-4F7D-A6CB-9F0A42ED6FB1}.Debug|Any CPU.Build.0 = Debug|Any CPU
		{E68BE2F9-D126-4F7D-A6CB-9F0A42ED6FB1}.Debug|iPhone.ActiveCfg = Debug|Any CPU
		{E68BE2F9-D126-4F7D-A6CB-9F0A42ED6FB1}.Debug|iPhone.Build.0 = Debug|Any CPU
		{E68BE2F9-D126-4F7D-A6CB-9F0A42ED6FB1}.Debug|iPhoneSimulator.ActiveCfg = Debug|Any CPU
		{E68BE2F9-D126-4F7D-A6CB-9F0A42ED6FB1}.Debug|iPhoneSimulator.Build.0 = Debug|Any CPU
		{E68BE2F9-D126-4F7D-A6CB-9F0A42ED6FB1}.Release|Any CPU.ActiveCfg = Release|Any CPU
		{E68BE2F9-D126-4F7D-A6CB-9F0A42ED6FB1}.Release|Any CPU.Build.0 = Release|Any CPU
		{E68BE2F9-D126-4F7D-A6CB-9F0A42ED6FB1}.Release|iPhone.ActiveCfg = Release|Any CPU
		{E68BE2F9-D126-4F7D-A6CB-9F0A42ED6FB1}.Release|iPhone.Build.0 = Release|Any CPU
		{E68BE2F9-D126-4F7D-A6CB-9F0A42ED6FB1}.Release|iPhoneSimulator.ActiveCfg = Release|Any CPU
		{E68BE2F9-D126-4F7D-A6CB-9F0A42ED6FB1}.Release|iPhoneSimulator.Build.0 = Release|Any CPU
		{F6363B2D-80D4-422E-80B5-94C5D0BF54D9}.Ad-Hoc|Any CPU.ActiveCfg = Release|Any CPU
		{F6363B2D-80D4-422E-80B5-94C5D0BF54D9}.Ad-Hoc|Any CPU.Build.0 = Release|Any CPU
		{F6363B2D-80D4-422E-80B5-94C5D0BF54D9}.Ad-Hoc|iPhone.ActiveCfg = Release|Any CPU
		{F6363B2D-80D4-422E-80B5-94C5D0BF54D9}.Ad-Hoc|iPhone.Build.0 = Release|Any CPU
		{F6363B2D-80D4-422E-80B5-94C5D0BF54D9}.Ad-Hoc|iPhoneSimulator.ActiveCfg = Release|Any CPU
		{F6363B2D-80D4-422E-80B5-94C5D0BF54D9}.Ad-Hoc|iPhoneSimulator.Build.0 = Release|Any CPU
		{F6363B2D-80D4-422E-80B5-94C5D0BF54D9}.AppStore|Any CPU.ActiveCfg = Release|Any CPU
		{F6363B2D-80D4-422E-80B5-94C5D0BF54D9}.AppStore|Any CPU.Build.0 = Release|Any CPU
		{F6363B2D-80D4-422E-80B5-94C5D0BF54D9}.AppStore|iPhone.ActiveCfg = Release|Any CPU
		{F6363B2D-80D4-422E-80B5-94C5D0BF54D9}.AppStore|iPhone.Build.0 = Release|Any CPU
		{F6363B2D-80D4-422E-80B5-94C5D0BF54D9}.AppStore|iPhoneSimulator.ActiveCfg = Release|Any CPU
		{F6363B2D-80D4-422E-80B5-94C5D0BF54D9}.AppStore|iPhoneSimulator.Build.0 = Release|Any CPU
		{F6363B2D-80D4-422E-80B5-94C5D0BF54D9}.Debug|Any CPU.ActiveCfg = Debug|Any CPU
		{F6363B2D-80D4-422E-80B5-94C5D0BF54D9}.Debug|Any CPU.Build.0 = Debug|Any CPU
		{F6363B2D-80D4-422E-80B5-94C5D0BF54D9}.Debug|iPhone.ActiveCfg = Debug|Any CPU
		{F6363B2D-80D4-422E-80B5-94C5D0BF54D9}.Debug|iPhone.Build.0 = Debug|Any CPU
		{F6363B2D-80D4-422E-80B5-94C5D0BF54D9}.Debug|iPhoneSimulator.ActiveCfg = Debug|Any CPU
		{F6363B2D-80D4-422E-80B5-94C5D0BF54D9}.Debug|iPhoneSimulator.Build.0 = Debug|Any CPU
		{F6363B2D-80D4-422E-80B5-94C5D0BF54D9}.Release|Any CPU.ActiveCfg = Release|Any CPU
		{F6363B2D-80D4-422E-80B5-94C5D0BF54D9}.Release|Any CPU.Build.0 = Release|Any CPU
		{F6363B2D-80D4-422E-80B5-94C5D0BF54D9}.Release|iPhone.ActiveCfg = Release|Any CPU
		{F6363B2D-80D4-422E-80B5-94C5D0BF54D9}.Release|iPhone.Build.0 = Release|Any CPU
		{F6363B2D-80D4-422E-80B5-94C5D0BF54D9}.Release|iPhoneSimulator.ActiveCfg = Release|Any CPU
		{F6363B2D-80D4-422E-80B5-94C5D0BF54D9}.Release|iPhoneSimulator.Build.0 = Release|Any CPU
		{639DEDCB-514D-4A53-8C15-5DDAFCD16F55}.Ad-Hoc|Any CPU.ActiveCfg = Debug|Any CPU
		{639DEDCB-514D-4A53-8C15-5DDAFCD16F55}.Ad-Hoc|Any CPU.Build.0 = Debug|Any CPU
		{639DEDCB-514D-4A53-8C15-5DDAFCD16F55}.Ad-Hoc|iPhone.ActiveCfg = Debug|Any CPU
		{639DEDCB-514D-4A53-8C15-5DDAFCD16F55}.Ad-Hoc|iPhone.Build.0 = Debug|Any CPU
		{639DEDCB-514D-4A53-8C15-5DDAFCD16F55}.Ad-Hoc|iPhoneSimulator.ActiveCfg = Debug|Any CPU
		{639DEDCB-514D-4A53-8C15-5DDAFCD16F55}.Ad-Hoc|iPhoneSimulator.Build.0 = Debug|Any CPU
		{639DEDCB-514D-4A53-8C15-5DDAFCD16F55}.AppStore|Any CPU.ActiveCfg = Debug|Any CPU
		{639DEDCB-514D-4A53-8C15-5DDAFCD16F55}.AppStore|Any CPU.Build.0 = Debug|Any CPU
		{639DEDCB-514D-4A53-8C15-5DDAFCD16F55}.AppStore|iPhone.ActiveCfg = Debug|Any CPU
		{639DEDCB-514D-4A53-8C15-5DDAFCD16F55}.AppStore|iPhone.Build.0 = Debug|Any CPU
		{639DEDCB-514D-4A53-8C15-5DDAFCD16F55}.AppStore|iPhoneSimulator.ActiveCfg = Debug|Any CPU
		{639DEDCB-514D-4A53-8C15-5DDAFCD16F55}.AppStore|iPhoneSimulator.Build.0 = Debug|Any CPU
		{639DEDCB-514D-4A53-8C15-5DDAFCD16F55}.Debug|Any CPU.ActiveCfg = Debug|Any CPU
		{639DEDCB-514D-4A53-8C15-5DDAFCD16F55}.Debug|Any CPU.Build.0 = Debug|Any CPU
		{639DEDCB-514D-4A53-8C15-5DDAFCD16F55}.Debug|iPhone.ActiveCfg = Debug|Any CPU
		{639DEDCB-514D-4A53-8C15-5DDAFCD16F55}.Debug|iPhone.Build.0 = Debug|Any CPU
		{639DEDCB-514D-4A53-8C15-5DDAFCD16F55}.Debug|iPhoneSimulator.ActiveCfg = Debug|Any CPU
		{639DEDCB-514D-4A53-8C15-5DDAFCD16F55}.Debug|iPhoneSimulator.Build.0 = Debug|Any CPU
		{639DEDCB-514D-4A53-8C15-5DDAFCD16F55}.Release|Any CPU.ActiveCfg = Release|Any CPU
		{639DEDCB-514D-4A53-8C15-5DDAFCD16F55}.Release|Any CPU.Build.0 = Release|Any CPU
		{639DEDCB-514D-4A53-8C15-5DDAFCD16F55}.Release|iPhone.ActiveCfg = Release|Any CPU
		{639DEDCB-514D-4A53-8C15-5DDAFCD16F55}.Release|iPhone.Build.0 = Release|Any CPU
		{639DEDCB-514D-4A53-8C15-5DDAFCD16F55}.Release|iPhoneSimulator.ActiveCfg = Release|Any CPU
		{639DEDCB-514D-4A53-8C15-5DDAFCD16F55}.Release|iPhoneSimulator.Build.0 = Release|Any CPU
		{1F47E0A3-A7EC-4733-80A2-D93927C6C91F}.Ad-Hoc|Any CPU.ActiveCfg = Debug|Any CPU
		{1F47E0A3-A7EC-4733-80A2-D93927C6C91F}.Ad-Hoc|Any CPU.Build.0 = Debug|Any CPU
		{1F47E0A3-A7EC-4733-80A2-D93927C6C91F}.Ad-Hoc|iPhone.ActiveCfg = Debug|Any CPU
		{1F47E0A3-A7EC-4733-80A2-D93927C6C91F}.Ad-Hoc|iPhone.Build.0 = Debug|Any CPU
		{1F47E0A3-A7EC-4733-80A2-D93927C6C91F}.Ad-Hoc|iPhoneSimulator.ActiveCfg = Debug|Any CPU
		{1F47E0A3-A7EC-4733-80A2-D93927C6C91F}.Ad-Hoc|iPhoneSimulator.Build.0 = Debug|Any CPU
		{1F47E0A3-A7EC-4733-80A2-D93927C6C91F}.AppStore|Any CPU.ActiveCfg = Debug|Any CPU
		{1F47E0A3-A7EC-4733-80A2-D93927C6C91F}.AppStore|Any CPU.Build.0 = Debug|Any CPU
		{1F47E0A3-A7EC-4733-80A2-D93927C6C91F}.AppStore|iPhone.ActiveCfg = Debug|Any CPU
		{1F47E0A3-A7EC-4733-80A2-D93927C6C91F}.AppStore|iPhone.Build.0 = Debug|Any CPU
		{1F47E0A3-A7EC-4733-80A2-D93927C6C91F}.AppStore|iPhoneSimulator.ActiveCfg = Debug|Any CPU
		{1F47E0A3-A7EC-4733-80A2-D93927C6C91F}.AppStore|iPhoneSimulator.Build.0 = Debug|Any CPU
		{1F47E0A3-A7EC-4733-80A2-D93927C6C91F}.Debug|Any CPU.ActiveCfg = Debug|Any CPU
		{1F47E0A3-A7EC-4733-80A2-D93927C6C91F}.Debug|Any CPU.Build.0 = Debug|Any CPU
		{1F47E0A3-A7EC-4733-80A2-D93927C6C91F}.Debug|iPhone.ActiveCfg = Debug|Any CPU
		{1F47E0A3-A7EC-4733-80A2-D93927C6C91F}.Debug|iPhone.Build.0 = Debug|Any CPU
		{1F47E0A3-A7EC-4733-80A2-D93927C6C91F}.Debug|iPhoneSimulator.ActiveCfg = Debug|Any CPU
		{1F47E0A3-A7EC-4733-80A2-D93927C6C91F}.Debug|iPhoneSimulator.Build.0 = Debug|Any CPU
		{1F47E0A3-A7EC-4733-80A2-D93927C6C91F}.Release|Any CPU.ActiveCfg = Release|Any CPU
		{1F47E0A3-A7EC-4733-80A2-D93927C6C91F}.Release|Any CPU.Build.0 = Release|Any CPU
		{1F47E0A3-A7EC-4733-80A2-D93927C6C91F}.Release|iPhone.ActiveCfg = Release|Any CPU
		{1F47E0A3-A7EC-4733-80A2-D93927C6C91F}.Release|iPhone.Build.0 = Release|Any CPU
		{1F47E0A3-A7EC-4733-80A2-D93927C6C91F}.Release|iPhoneSimulator.ActiveCfg = Release|Any CPU
		{1F47E0A3-A7EC-4733-80A2-D93927C6C91F}.Release|iPhoneSimulator.Build.0 = Release|Any CPU
		{6BE13283-7A85-489B-8A81-8C7C2EB8A8E1}.Ad-Hoc|Any CPU.ActiveCfg = Debug|Any CPU
		{6BE13283-7A85-489B-8A81-8C7C2EB8A8E1}.Ad-Hoc|Any CPU.Build.0 = Debug|Any CPU
		{6BE13283-7A85-489B-8A81-8C7C2EB8A8E1}.Ad-Hoc|iPhone.ActiveCfg = Debug|Any CPU
		{6BE13283-7A85-489B-8A81-8C7C2EB8A8E1}.Ad-Hoc|iPhone.Build.0 = Debug|Any CPU
		{6BE13283-7A85-489B-8A81-8C7C2EB8A8E1}.Ad-Hoc|iPhoneSimulator.ActiveCfg = Debug|Any CPU
		{6BE13283-7A85-489B-8A81-8C7C2EB8A8E1}.Ad-Hoc|iPhoneSimulator.Build.0 = Debug|Any CPU
		{6BE13283-7A85-489B-8A81-8C7C2EB8A8E1}.AppStore|Any CPU.ActiveCfg = Debug|Any CPU
		{6BE13283-7A85-489B-8A81-8C7C2EB8A8E1}.AppStore|Any CPU.Build.0 = Debug|Any CPU
		{6BE13283-7A85-489B-8A81-8C7C2EB8A8E1}.AppStore|iPhone.ActiveCfg = Debug|Any CPU
		{6BE13283-7A85-489B-8A81-8C7C2EB8A8E1}.AppStore|iPhone.Build.0 = Debug|Any CPU
		{6BE13283-7A85-489B-8A81-8C7C2EB8A8E1}.AppStore|iPhoneSimulator.ActiveCfg = Debug|Any CPU
		{6BE13283-7A85-489B-8A81-8C7C2EB8A8E1}.AppStore|iPhoneSimulator.Build.0 = Debug|Any CPU
		{6BE13283-7A85-489B-8A81-8C7C2EB8A8E1}.Debug|Any CPU.ActiveCfg = Debug|Any CPU
		{6BE13283-7A85-489B-8A81-8C7C2EB8A8E1}.Debug|Any CPU.Build.0 = Debug|Any CPU
		{6BE13283-7A85-489B-8A81-8C7C2EB8A8E1}.Debug|iPhone.ActiveCfg = Debug|Any CPU
		{6BE13283-7A85-489B-8A81-8C7C2EB8A8E1}.Debug|iPhone.Build.0 = Debug|Any CPU
		{6BE13283-7A85-489B-8A81-8C7C2EB8A8E1}.Debug|iPhoneSimulator.ActiveCfg = Debug|Any CPU
		{6BE13283-7A85-489B-8A81-8C7C2EB8A8E1}.Debug|iPhoneSimulator.Build.0 = Debug|Any CPU
		{6BE13283-7A85-489B-8A81-8C7C2EB8A8E1}.Release|Any CPU.ActiveCfg = Release|Any CPU
		{6BE13283-7A85-489B-8A81-8C7C2EB8A8E1}.Release|Any CPU.Build.0 = Release|Any CPU
		{6BE13283-7A85-489B-8A81-8C7C2EB8A8E1}.Release|iPhone.ActiveCfg = Release|Any CPU
		{6BE13283-7A85-489B-8A81-8C7C2EB8A8E1}.Release|iPhone.Build.0 = Release|Any CPU
		{6BE13283-7A85-489B-8A81-8C7C2EB8A8E1}.Release|iPhoneSimulator.ActiveCfg = Release|Any CPU
		{6BE13283-7A85-489B-8A81-8C7C2EB8A8E1}.Release|iPhoneSimulator.Build.0 = Release|Any CPU
		{DCC6F032-5BBA-46AB-BF30-5B05DCF5D6E8}.Ad-Hoc|Any CPU.ActiveCfg = Debug|Any CPU
		{DCC6F032-5BBA-46AB-BF30-5B05DCF5D6E8}.Ad-Hoc|Any CPU.Build.0 = Debug|Any CPU
		{DCC6F032-5BBA-46AB-BF30-5B05DCF5D6E8}.Ad-Hoc|iPhone.ActiveCfg = Debug|Any CPU
		{DCC6F032-5BBA-46AB-BF30-5B05DCF5D6E8}.Ad-Hoc|iPhone.Build.0 = Debug|Any CPU
		{DCC6F032-5BBA-46AB-BF30-5B05DCF5D6E8}.Ad-Hoc|iPhoneSimulator.ActiveCfg = Debug|Any CPU
		{DCC6F032-5BBA-46AB-BF30-5B05DCF5D6E8}.Ad-Hoc|iPhoneSimulator.Build.0 = Debug|Any CPU
		{DCC6F032-5BBA-46AB-BF30-5B05DCF5D6E8}.AppStore|Any CPU.ActiveCfg = Debug|Any CPU
		{DCC6F032-5BBA-46AB-BF30-5B05DCF5D6E8}.AppStore|Any CPU.Build.0 = Debug|Any CPU
		{DCC6F032-5BBA-46AB-BF30-5B05DCF5D6E8}.AppStore|iPhone.ActiveCfg = Debug|Any CPU
		{DCC6F032-5BBA-46AB-BF30-5B05DCF5D6E8}.AppStore|iPhone.Build.0 = Debug|Any CPU
		{DCC6F032-5BBA-46AB-BF30-5B05DCF5D6E8}.AppStore|iPhoneSimulator.ActiveCfg = Debug|Any CPU
		{DCC6F032-5BBA-46AB-BF30-5B05DCF5D6E8}.AppStore|iPhoneSimulator.Build.0 = Debug|Any CPU
		{DCC6F032-5BBA-46AB-BF30-5B05DCF5D6E8}.Debug|Any CPU.ActiveCfg = Debug|Any CPU
		{DCC6F032-5BBA-46AB-BF30-5B05DCF5D6E8}.Debug|Any CPU.Build.0 = Debug|Any CPU
		{DCC6F032-5BBA-46AB-BF30-5B05DCF5D6E8}.Debug|iPhone.ActiveCfg = Debug|Any CPU
		{DCC6F032-5BBA-46AB-BF30-5B05DCF5D6E8}.Debug|iPhone.Build.0 = Debug|Any CPU
		{DCC6F032-5BBA-46AB-BF30-5B05DCF5D6E8}.Debug|iPhoneSimulator.ActiveCfg = Debug|Any CPU
		{DCC6F032-5BBA-46AB-BF30-5B05DCF5D6E8}.Debug|iPhoneSimulator.Build.0 = Debug|Any CPU
		{DCC6F032-5BBA-46AB-BF30-5B05DCF5D6E8}.Release|Any CPU.ActiveCfg = Release|Any CPU
		{DCC6F032-5BBA-46AB-BF30-5B05DCF5D6E8}.Release|Any CPU.Build.0 = Release|Any CPU
		{DCC6F032-5BBA-46AB-BF30-5B05DCF5D6E8}.Release|iPhone.ActiveCfg = Release|Any CPU
		{DCC6F032-5BBA-46AB-BF30-5B05DCF5D6E8}.Release|iPhone.Build.0 = Release|Any CPU
		{DCC6F032-5BBA-46AB-BF30-5B05DCF5D6E8}.Release|iPhoneSimulator.ActiveCfg = Release|Any CPU
		{DCC6F032-5BBA-46AB-BF30-5B05DCF5D6E8}.Release|iPhoneSimulator.Build.0 = Release|Any CPU
		{6B53977D-EC99-4EB4-9FF2-14834668B919}.Ad-Hoc|Any CPU.ActiveCfg = Debug|Any CPU
		{6B53977D-EC99-4EB4-9FF2-14834668B919}.Ad-Hoc|Any CPU.Build.0 = Debug|Any CPU
		{6B53977D-EC99-4EB4-9FF2-14834668B919}.Ad-Hoc|iPhone.ActiveCfg = Debug|Any CPU
		{6B53977D-EC99-4EB4-9FF2-14834668B919}.Ad-Hoc|iPhone.Build.0 = Debug|Any CPU
		{6B53977D-EC99-4EB4-9FF2-14834668B919}.Ad-Hoc|iPhoneSimulator.ActiveCfg = Debug|Any CPU
		{6B53977D-EC99-4EB4-9FF2-14834668B919}.Ad-Hoc|iPhoneSimulator.Build.0 = Debug|Any CPU
		{6B53977D-EC99-4EB4-9FF2-14834668B919}.AppStore|Any CPU.ActiveCfg = Debug|Any CPU
		{6B53977D-EC99-4EB4-9FF2-14834668B919}.AppStore|Any CPU.Build.0 = Debug|Any CPU
		{6B53977D-EC99-4EB4-9FF2-14834668B919}.AppStore|iPhone.ActiveCfg = Debug|Any CPU
		{6B53977D-EC99-4EB4-9FF2-14834668B919}.AppStore|iPhone.Build.0 = Debug|Any CPU
		{6B53977D-EC99-4EB4-9FF2-14834668B919}.AppStore|iPhoneSimulator.ActiveCfg = Debug|Any CPU
		{6B53977D-EC99-4EB4-9FF2-14834668B919}.AppStore|iPhoneSimulator.Build.0 = Debug|Any CPU
		{6B53977D-EC99-4EB4-9FF2-14834668B919}.Debug|Any CPU.ActiveCfg = Debug|Any CPU
		{6B53977D-EC99-4EB4-9FF2-14834668B919}.Debug|Any CPU.Build.0 = Debug|Any CPU
		{6B53977D-EC99-4EB4-9FF2-14834668B919}.Debug|iPhone.ActiveCfg = Debug|Any CPU
		{6B53977D-EC99-4EB4-9FF2-14834668B919}.Debug|iPhone.Build.0 = Debug|Any CPU
		{6B53977D-EC99-4EB4-9FF2-14834668B919}.Debug|iPhoneSimulator.ActiveCfg = Debug|Any CPU
		{6B53977D-EC99-4EB4-9FF2-14834668B919}.Debug|iPhoneSimulator.Build.0 = Debug|Any CPU
		{6B53977D-EC99-4EB4-9FF2-14834668B919}.Release|Any CPU.ActiveCfg = Release|Any CPU
		{6B53977D-EC99-4EB4-9FF2-14834668B919}.Release|Any CPU.Build.0 = Release|Any CPU
		{6B53977D-EC99-4EB4-9FF2-14834668B919}.Release|iPhone.ActiveCfg = Release|Any CPU
		{6B53977D-EC99-4EB4-9FF2-14834668B919}.Release|iPhone.Build.0 = Release|Any CPU
		{6B53977D-EC99-4EB4-9FF2-14834668B919}.Release|iPhoneSimulator.ActiveCfg = Release|Any CPU
		{6B53977D-EC99-4EB4-9FF2-14834668B919}.Release|iPhoneSimulator.Build.0 = Release|Any CPU
		{E71F3053-056C-4381-9638-048ED73BDFF6}.Ad-Hoc|Any CPU.ActiveCfg = Release|Any CPU
		{E71F3053-056C-4381-9638-048ED73BDFF6}.Ad-Hoc|Any CPU.Build.0 = Release|Any CPU
		{E71F3053-056C-4381-9638-048ED73BDFF6}.Ad-Hoc|iPhone.ActiveCfg = Release|Any CPU
		{E71F3053-056C-4381-9638-048ED73BDFF6}.Ad-Hoc|iPhone.Build.0 = Release|Any CPU
		{E71F3053-056C-4381-9638-048ED73BDFF6}.Ad-Hoc|iPhoneSimulator.ActiveCfg = Release|Any CPU
		{E71F3053-056C-4381-9638-048ED73BDFF6}.Ad-Hoc|iPhoneSimulator.Build.0 = Release|Any CPU
		{E71F3053-056C-4381-9638-048ED73BDFF6}.AppStore|Any CPU.ActiveCfg = Release|Any CPU
		{E71F3053-056C-4381-9638-048ED73BDFF6}.AppStore|Any CPU.Build.0 = Release|Any CPU
		{E71F3053-056C-4381-9638-048ED73BDFF6}.AppStore|iPhone.ActiveCfg = Release|Any CPU
		{E71F3053-056C-4381-9638-048ED73BDFF6}.AppStore|iPhone.Build.0 = Release|Any CPU
		{E71F3053-056C-4381-9638-048ED73BDFF6}.AppStore|iPhoneSimulator.ActiveCfg = Release|Any CPU
		{E71F3053-056C-4381-9638-048ED73BDFF6}.AppStore|iPhoneSimulator.Build.0 = Release|Any CPU
		{E71F3053-056C-4381-9638-048ED73BDFF6}.Debug|Any CPU.ActiveCfg = Debug|Any CPU
		{E71F3053-056C-4381-9638-048ED73BDFF6}.Debug|Any CPU.Build.0 = Debug|Any CPU
		{E71F3053-056C-4381-9638-048ED73BDFF6}.Debug|iPhone.ActiveCfg = Debug|Any CPU
		{E71F3053-056C-4381-9638-048ED73BDFF6}.Debug|iPhone.Build.0 = Debug|Any CPU
		{E71F3053-056C-4381-9638-048ED73BDFF6}.Debug|iPhoneSimulator.ActiveCfg = Debug|Any CPU
		{E71F3053-056C-4381-9638-048ED73BDFF6}.Debug|iPhoneSimulator.Build.0 = Debug|Any CPU
		{E71F3053-056C-4381-9638-048ED73BDFF6}.Release|Any CPU.ActiveCfg = Release|Any CPU
		{E71F3053-056C-4381-9638-048ED73BDFF6}.Release|Any CPU.Build.0 = Release|Any CPU
		{E71F3053-056C-4381-9638-048ED73BDFF6}.Release|iPhone.ActiveCfg = Release|Any CPU
		{E71F3053-056C-4381-9638-048ED73BDFF6}.Release|iPhone.Build.0 = Release|Any CPU
		{E71F3053-056C-4381-9638-048ED73BDFF6}.Release|iPhoneSimulator.ActiveCfg = Release|Any CPU
		{E71F3053-056C-4381-9638-048ED73BDFF6}.Release|iPhoneSimulator.Build.0 = Release|Any CPU
		{991C0F9B-4D32-48BB-8E14-1E69017C609F}.Ad-Hoc|Any CPU.ActiveCfg = Release|Any CPU
		{991C0F9B-4D32-48BB-8E14-1E69017C609F}.Ad-Hoc|Any CPU.Build.0 = Release|Any CPU
		{991C0F9B-4D32-48BB-8E14-1E69017C609F}.Ad-Hoc|iPhone.ActiveCfg = Release|Any CPU
		{991C0F9B-4D32-48BB-8E14-1E69017C609F}.Ad-Hoc|iPhone.Build.0 = Release|Any CPU
		{991C0F9B-4D32-48BB-8E14-1E69017C609F}.Ad-Hoc|iPhoneSimulator.ActiveCfg = Release|Any CPU
		{991C0F9B-4D32-48BB-8E14-1E69017C609F}.Ad-Hoc|iPhoneSimulator.Build.0 = Release|Any CPU
		{991C0F9B-4D32-48BB-8E14-1E69017C609F}.AppStore|Any CPU.ActiveCfg = Release|Any CPU
		{991C0F9B-4D32-48BB-8E14-1E69017C609F}.AppStore|Any CPU.Build.0 = Release|Any CPU
		{991C0F9B-4D32-48BB-8E14-1E69017C609F}.AppStore|iPhone.ActiveCfg = Release|Any CPU
		{991C0F9B-4D32-48BB-8E14-1E69017C609F}.AppStore|iPhone.Build.0 = Release|Any CPU
		{991C0F9B-4D32-48BB-8E14-1E69017C609F}.AppStore|iPhoneSimulator.ActiveCfg = Release|Any CPU
		{991C0F9B-4D32-48BB-8E14-1E69017C609F}.AppStore|iPhoneSimulator.Build.0 = Release|Any CPU
		{991C0F9B-4D32-48BB-8E14-1E69017C609F}.Debug|Any CPU.ActiveCfg = Debug|Any CPU
		{991C0F9B-4D32-48BB-8E14-1E69017C609F}.Debug|Any CPU.Build.0 = Debug|Any CPU
		{991C0F9B-4D32-48BB-8E14-1E69017C609F}.Debug|iPhone.ActiveCfg = Debug|Any CPU
		{991C0F9B-4D32-48BB-8E14-1E69017C609F}.Debug|iPhone.Build.0 = Debug|Any CPU
		{991C0F9B-4D32-48BB-8E14-1E69017C609F}.Debug|iPhoneSimulator.ActiveCfg = Debug|Any CPU
		{991C0F9B-4D32-48BB-8E14-1E69017C609F}.Debug|iPhoneSimulator.Build.0 = Debug|Any CPU
		{991C0F9B-4D32-48BB-8E14-1E69017C609F}.Release|Any CPU.ActiveCfg = Release|Any CPU
		{991C0F9B-4D32-48BB-8E14-1E69017C609F}.Release|Any CPU.Build.0 = Release|Any CPU
		{991C0F9B-4D32-48BB-8E14-1E69017C609F}.Release|iPhone.ActiveCfg = Release|Any CPU
		{991C0F9B-4D32-48BB-8E14-1E69017C609F}.Release|iPhone.Build.0 = Release|Any CPU
		{991C0F9B-4D32-48BB-8E14-1E69017C609F}.Release|iPhoneSimulator.ActiveCfg = Release|Any CPU
		{991C0F9B-4D32-48BB-8E14-1E69017C609F}.Release|iPhoneSimulator.Build.0 = Release|Any CPU
		{9C39BF91-FFB9-4958-8622-4F51A197BF39}.Ad-Hoc|Any CPU.ActiveCfg = Debug|Any CPU
		{9C39BF91-FFB9-4958-8622-4F51A197BF39}.Ad-Hoc|Any CPU.Build.0 = Debug|Any CPU
		{9C39BF91-FFB9-4958-8622-4F51A197BF39}.Ad-Hoc|iPhone.ActiveCfg = Debug|Any CPU
		{9C39BF91-FFB9-4958-8622-4F51A197BF39}.Ad-Hoc|iPhone.Build.0 = Debug|Any CPU
		{9C39BF91-FFB9-4958-8622-4F51A197BF39}.Ad-Hoc|iPhoneSimulator.ActiveCfg = Debug|Any CPU
		{9C39BF91-FFB9-4958-8622-4F51A197BF39}.Ad-Hoc|iPhoneSimulator.Build.0 = Debug|Any CPU
		{9C39BF91-FFB9-4958-8622-4F51A197BF39}.AppStore|Any CPU.ActiveCfg = Debug|Any CPU
		{9C39BF91-FFB9-4958-8622-4F51A197BF39}.AppStore|Any CPU.Build.0 = Debug|Any CPU
		{9C39BF91-FFB9-4958-8622-4F51A197BF39}.AppStore|iPhone.ActiveCfg = Debug|Any CPU
		{9C39BF91-FFB9-4958-8622-4F51A197BF39}.AppStore|iPhone.Build.0 = Debug|Any CPU
		{9C39BF91-FFB9-4958-8622-4F51A197BF39}.AppStore|iPhoneSimulator.ActiveCfg = Debug|Any CPU
		{9C39BF91-FFB9-4958-8622-4F51A197BF39}.AppStore|iPhoneSimulator.Build.0 = Debug|Any CPU
		{9C39BF91-FFB9-4958-8622-4F51A197BF39}.Debug|Any CPU.ActiveCfg = Debug|Any CPU
		{9C39BF91-FFB9-4958-8622-4F51A197BF39}.Debug|Any CPU.Build.0 = Debug|Any CPU
		{9C39BF91-FFB9-4958-8622-4F51A197BF39}.Debug|iPhone.ActiveCfg = Debug|Any CPU
		{9C39BF91-FFB9-4958-8622-4F51A197BF39}.Debug|iPhone.Build.0 = Debug|Any CPU
		{9C39BF91-FFB9-4958-8622-4F51A197BF39}.Debug|iPhoneSimulator.ActiveCfg = Debug|Any CPU
		{9C39BF91-FFB9-4958-8622-4F51A197BF39}.Debug|iPhoneSimulator.Build.0 = Debug|Any CPU
		{9C39BF91-FFB9-4958-8622-4F51A197BF39}.Release|Any CPU.ActiveCfg = Release|Any CPU
		{9C39BF91-FFB9-4958-8622-4F51A197BF39}.Release|Any CPU.Build.0 = Release|Any CPU
		{9C39BF91-FFB9-4958-8622-4F51A197BF39}.Release|iPhone.ActiveCfg = Release|Any CPU
		{9C39BF91-FFB9-4958-8622-4F51A197BF39}.Release|iPhone.Build.0 = Release|Any CPU
		{9C39BF91-FFB9-4958-8622-4F51A197BF39}.Release|iPhoneSimulator.ActiveCfg = Release|Any CPU
		{9C39BF91-FFB9-4958-8622-4F51A197BF39}.Release|iPhoneSimulator.Build.0 = Release|Any CPU
	EndGlobalSection
	GlobalSection(SolutionProperties) = preSolution
		HideSolutionNode = FALSE
	EndGlobalSection
	GlobalSection(NestedProjects) = preSolution
		{3BDD2A5E-FEF8-42B4-A85F-6C75A67D6B33} = {77EF1F64-757E-44F8-8308-D4F7345C001B}
		{AE687BC8-9D79-4875-AFE2-D0C556B24E8C} = {294CC560-A093-425E-8F36-6F4000E9F510}
		{E68BE2F9-D126-4F7D-A6CB-9F0A42ED6FB1} = {294CC560-A093-425E-8F36-6F4000E9F510}
		{F6363B2D-80D4-422E-80B5-94C5D0BF54D9} = {1C4A8495-AD8F-4D3E-B5AF-D625C25FA935}
		{639DEDCB-514D-4A53-8C15-5DDAFCD16F55} = {91A1A9B3-4EF0-47FD-85A7-AC49D73E8B5A}
		{1F47E0A3-A7EC-4733-80A2-D93927C6C91F} = {5CABF949-46A8-46B4-B80A-527B476ECF13}
		{6BE13283-7A85-489B-8A81-8C7C2EB8A8E1} = {5CABF949-46A8-46B4-B80A-527B476ECF13}
		{DCC6F032-5BBA-46AB-BF30-5B05DCF5D6E8} = {290C5726-665A-475C-8271-D1748384C30C}
		{6B53977D-EC99-4EB4-9FF2-14834668B919} = {290C5726-665A-475C-8271-D1748384C30C}
		{E71F3053-056C-4381-9638-048ED73BDFF6} = {1D754C81-88A8-4959-A49E-6A6E69BE44AE}
		{991C0F9B-4D32-48BB-8E14-1E69017C609F} = {1D754C81-88A8-4959-A49E-6A6E69BE44AE}
		{77EF1F64-757E-44F8-8308-D4F7345C001B} = {31770783-42DE-4EC5-B217-6991958F5205}
		{294CC560-A093-425E-8F36-6F4000E9F510} = {77EF1F64-757E-44F8-8308-D4F7345C001B}
		{290C5726-665A-475C-8271-D1748384C30C} = {77EF1F64-757E-44F8-8308-D4F7345C001B}
		{5CABF949-46A8-46B4-B80A-527B476ECF13} = {77EF1F64-757E-44F8-8308-D4F7345C001B}
		{1C4A8495-AD8F-4D3E-B5AF-D625C25FA935} = {77EF1F64-757E-44F8-8308-D4F7345C001B}
		{9C39BF91-FFB9-4958-8622-4F51A197BF39} = {1D754C81-88A8-4959-A49E-6A6E69BE44AE}
	EndGlobalSection
	GlobalSection(ExtensibilityGlobals) = postSolution
		SolutionGuid = {C7A8B093-0521-49C1-8750-3D8AF3B6C6D1}
	EndGlobalSection
EndGlobal
